
Microsoft Visual Studio Solution File, Format Version 12.00
# Visual Studio 15
VisualStudioVersion = 15.0.28307.1145
MinimumVisualStudioVersion = 10.0.40219.1
Project("{8BC9CEB8-8B4A-11D0-8D11-00A0C91BC942}") = "Ecosystem", "Ecosystem.vcxproj", "{C2C6DC17-64A4-4B26-B3F2-93AD34BB0395}"
EndProject
Global
	GlobalSection(SolutionConfigurationPlatforms) = preSolution
		Debug|x64 = Debug|x64
		Debug|x86 = Debug|x86
		Release|x64 = Release|x64
		Release|x86 = Release|x86
	EndGlobalSection
	GlobalSection(ProjectConfigurationPlatforms) = postSolution
		{C2C6DC17-64A4-4B26-B3F2-93AD34BB0395}.Debug|x64.ActiveCfg = Debug|x64
		{C2C6DC17-64A4-4B26-B3F2-93AD34BB0395}.Debug|x64.Build.0 = Debug|x64
		{C2C6DC17-64A4-4B26-B3F2-93AD34BB0395}.Debug|x86.ActiveCfg = Debug|Win32
		{C2C6DC17-64A4-4B26-B3F2-93AD34BB0395}.Debug|x86.Build.0 = Debug|Win32
		{C2C6DC17-64A4-4B26-B3F2-93AD34BB0395}.Release|x64.ActiveCfg = Release|x64
		{C2C6DC17-64A4-4B26-B3F2-93AD34BB0395}.Release|x64.Build.0 = Release|x64
		{C2C6DC17-64A4-4B26-B3F2-93AD34BB0395}.Release|x86.ActiveCfg = Release|Win32
		{C2C6DC17-64A4-4B26-B3F2-93AD34BB0395}.Release|x86.Build.0 = Release|Win32
	EndGlobalSection
	GlobalSection(SolutionProperties) = preSolution
		HideSolutionNode = FALSE
	EndGlobalSection
	GlobalSection(ExtensibilityGlobals) = postSolution
		SolutionGuid = {7CE5AF4A-CDAA-4520-8C9E-E776787A1985}
	EndGlobalSection
EndGlobal
