<?xml version="1.0" encoding="utf-8"?>
<Project ToolsVersion="4.0" xmlns="http://schemas.microsoft.com/developer/msbuild/2003">
  <ItemGroup>
    <Filter Include="Source Files">
      <UniqueIdentifier>{4FC737F1-C7A5-4376-A066-2A32D752A2FF}</UniqueIdentifier>
      <Extensions>cpp;c;cc;cxx;def;odl;idl;hpj;bat;asm;asmx</Extensions>
    </Filter>
    <Filter Include="Header Files">
      <UniqueIdentifier>{93995380-89BD-4b04-88EB-625FBE52EBFB}</UniqueIdentifier>
      <Extensions>h;hh;hpp;hxx;hm;inl;inc;xsd</Extensions>
    </Filter>
    <Filter Include="Resource Files">
      <UniqueIdentifier>{67DA6AB6-F800-4c08-8B7A-83BB121AAD01}</UniqueIdentifier>
      <Extensions>rc;ico;cur;bmp;dlg;rc2;rct;bin;rgs;gif;jpg;jpeg;jpe;resx;tiff;tif;png;wav</Extensions>
    </Filter>
    <Filter Include="Source Files\logic">
      <UniqueIdentifier>{937a8da9-6313-4277-b48c-7b3b43ccb02b}</UniqueIdentifier>
    </Filter>
    <Filter Include="Source Files\ui">
      <UniqueIdentifier>{9d349d59-05ca-4d46-856e-c96107c6f3cd}</UniqueIdentifier>
    </Filter>
    <Filter Include="Source Files\utils">
      <UniqueIdentifier>{f860c91b-956b-4a1e-96a3-c312f8591529}</UniqueIdentifier>
    </Filter>
  </ItemGroup>
  <ItemGroup>
    <ClCompile Include="src\Ecosystem.cpp">
      <Filter>Source Files</Filter>
    </ClCompile>
    <ClCompile Include="src\main.cpp">
      <Filter>Source Files</Filter>
    </ClCompile>
    <ClCompile Include="src\logic\entity.cpp">
      <Filter>Source Files\logic</Filter>
    </ClCompile>
    <ClCompile Include="src\logic\Organic.cpp">
      <Filter>Source Files\logic</Filter>
    </ClCompile>
    <ClCompile Include="src\utils\random.cpp">
      <Filter>Source Files\utils</Filter>
    </ClCompile>
    <ClCompile Include="src\logic\world.cpp">
      <Filter>Source Files\logic</Filter>
    </ClCompile>
    <ClCompile Include="src\logic\genome.cpp">
      <Filter>Source Files\logic</Filter>
    </ClCompile>
    <ClCompile Include="src\logic\position.cpp">
      <Filter>Source Files\logic</Filter>
    </ClCompile>
    <ClCompile Include="src\logic\cell.cpp">
      <Filter>Source Files\logic</Filter>
    </ClCompile>
  </ItemGroup>
  <ItemGroup>
    <ClInclude Include="src\Ecosystem.h">
      <Filter>Source Files</Filter>
    </ClInclude>
    <ClInclude Include="src\logic\entity.h">
      <Filter>Source Files\logic</Filter>
    </ClInclude>
    <ClInclude Include="src\logic\Organic.h">
      <Filter>Source Files\logic</Filter>
    </ClInclude>
    <ClInclude Include="src\utils\pool.h">
      <Filter>Source Files\utils</Filter>
    </ClInclude>
    <ClInclude Include="src\utils\random.h">
      <Filter>Source Files\utils</Filter>
    </ClInclude>
    <ClInclude Include="src\logic\world.h">
      <Filter>Source Files\logic</Filter>
    </ClInclude>
    <ClInclude Include="src\logic\gen.h">
      <Filter>Source Files\logic</Filter>
    </ClInclude>
    <ClInclude Include="src\logic\genome.h">
      <Filter>Source Files\logic</Filter>
    </ClInclude>
    <ClInclude Include="src\logic\position.h">
      <Filter>Source Files\logic</Filter>
    </ClInclude>
    <ClInclude Include="src\logic\cell.h">
      <Filter>Source Files\logic</Filter>
    </ClInclude>
  </ItemGroup>
</Project>